// !$*UTF8*$!
{
	archiveVersion = 1;
	classes = {
	};
	objectVersion = 50;
	objects = {

/* Begin PBXBuildFile section */
		77C5CC082699F5C10086A81D /* DependencyInjectionApp.swift in Sources */ = {isa = PBXBuildFile; fileRef = 77C5CC072699F5C10086A81D /* DependencyInjectionApp.swift */; };
		77C5CC0A2699F5C10086A81D /* ContentView.swift in Sources */ = {isa = PBXBuildFile; fileRef = 77C5CC092699F5C10086A81D /* ContentView.swift */; };
		77C5CC0C2699F5C20086A81D /* Assets.xcassets in Resources */ = {isa = PBXBuildFile; fileRef = 77C5CC0B2699F5C20086A81D /* Assets.xcassets */; };
		77C5CC0F2699F5C20086A81D /* Preview Assets.xcassets in Resources */ = {isa = PBXBuildFile; fileRef = 77C5CC0E2699F5C20086A81D /* Preview Assets.xcassets */; };
		77C5CC1A2699F5C20086A81D /* DependencyInjectionTests.swift in Sources */ = {isa = PBXBuildFile; fileRef = 77C5CC192699F5C20086A81D /* DependencyInjectionTests.swift */; };
		77C5CC252699F5C20086A81D /* DependencyInjectionUITests.swift in Sources */ = {isa = PBXBuildFile; fileRef = 77C5CC242699F5C20086A81D /* DependencyInjectionUITests.swift */; };
		77C5CC332699F6590086A81D /* Vehicle.swift in Sources */ = {isa = PBXBuildFile; fileRef = 77C5CC322699F6590086A81D /* Vehicle.swift */; };
		77C5CC352699F7100086A81D /* Engines.swift in Sources */ = {isa = PBXBuildFile; fileRef = 77C5CC342699F7100086A81D /* Engines.swift */; };
/* End PBXBuildFile section */

/* Begin PBXContainerItemProxy section */
		77C5CC162699F5C20086A81D /* PBXContainerItemProxy */ = {
			isa = PBXContainerItemProxy;
			containerPortal = 77C5CBFC2699F5C10086A81D /* Project object */;
			proxyType = 1;
			remoteGlobalIDString = 77C5CC032699F5C10086A81D;
			remoteInfo = DependencyInjection;
		};
		77C5CC212699F5C20086A81D /* PBXContainerItemProxy */ = {
			isa = PBXContainerItemProxy;
			containerPortal = 77C5CBFC2699F5C10086A81D /* Project object */;
			proxyType = 1;
			remoteGlobalIDString = 77C5CC032699F5C10086A81D;
			remoteInfo = DependencyInjection;
		};
/* End PBXContainerItemProxy section */

/* Begin PBXFileReference section */
		77C5CC042699F5C10086A81D /* DependencyInjection.app */ = {isa = PBXFileReference; explicitFileType = wrapper.application; includeInIndex = 0; path = DependencyInjection.app; sourceTree = BUILT_PRODUCTS_DIR; };
		77C5CC072699F5C10086A81D /* DependencyInjectionApp.swift */ = {isa = PBXFileReference; lastKnownFileType = sourcecode.swift; path = DependencyInjectionApp.swift; sourceTree = "<group>"; };
		77C5CC092699F5C10086A81D /* ContentView.swift */ = {isa = PBXFileReference; lastKnownFileType = sourcecode.swift; path = ContentView.swift; sourceTree = "<group>"; };
		77C5CC0B2699F5C20086A81D /* Assets.xcassets */ = {isa = PBXFileReference; lastKnownFileType = folder.assetcatalog; path = Assets.xcassets; sourceTree = "<group>"; };
		77C5CC0E2699F5C20086A81D /* Preview Assets.xcassets */ = {isa = PBXFileReference; lastKnownFileType = folder.assetcatalog; path = "Preview Assets.xcassets"; sourceTree = "<group>"; };
		77C5CC102699F5C20086A81D /* Info.plist */ = {isa = PBXFileReference; lastKnownFileType = text.plist.xml; path = Info.plist; sourceTree = "<group>"; };
		77C5CC152699F5C20086A81D /* DependencyInjectionTests.xctest */ = {isa = PBXFileReference; explicitFileType = wrapper.cfbundle; includeInIndex = 0; path = DependencyInjectionTests.xctest; sourceTree = BUILT_PRODUCTS_DIR; };
		77C5CC192699F5C20086A81D /* DependencyInjectionTests.swift */ = {isa = PBXFileReference; lastKnownFileType = sourcecode.swift; path = DependencyInjectionTests.swift; sourceTree = "<group>"; };
		77C5CC1B2699F5C20086A81D /* Info.plist */ = {isa = PBXFileReference; lastKnownFileType = text.plist.xml; path = Info.plist; sourceTree = "<group>"; };
		77C5CC202699F5C20086A81D /* DependencyInjectionUITests.xctest */ = {isa = PBXFileReference; explicitFileType = wrapper.cfbundle; includeInIndex = 0; path = DependencyInjectionUITests.xctest; sourceTree = BUILT_PRODUCTS_DIR; };
		77C5CC242699F5C20086A81D /* DependencyInjectionUITests.swift */ = {isa = PBXFileReference; lastKnownFileType = sourcecode.swift; path = DependencyInjectionUITests.swift; sourceTree = "<group>"; };
		77C5CC262699F5C20086A81D /* Info.plist */ = {isa = PBXFileReference; lastKnownFileType = text.plist.xml; path = Info.plist; sourceTree = "<group>"; };
		77C5CC322699F6590086A81D /* Vehicle.swift */ = {isa = PBXFileReference; lastKnownFileType = sourcecode.swift; path = Vehicle.swift; sourceTree = "<group>"; };
		77C5CC342699F7100086A81D /* Engines.swift */ = {isa = PBXFileReference; lastKnownFileType = sourcecode.swift; path = Engines.swift; sourceTree = "<group>"; };
/* End PBXFileReference section */

/* Begin PBXFrameworksBuildPhase section */
		77C5CC012699F5C10086A81D /* Frameworks */ = {
			isa = PBXFrameworksBuildPhase;
			buildActionMask = 2147483647;
			files = (
			);
			runOnlyForDeploymentPostprocessing = 0;
		};
		77C5CC122699F5C20086A81D /* Frameworks */ = {
			isa = PBXFrameworksBuildPhase;
			buildActionMask = 2147483647;
			files = (
			);
			runOnlyForDeploymentPostprocessing = 0;
		};
		77C5CC1D2699F5C20086A81D /* Frameworks */ = {
			isa = PBXFrameworksBuildPhase;
			buildActionMask = 2147483647;
			files = (
			);
			runOnlyForDeploymentPostprocessing = 0;
		};
/* End PBXFrameworksBuildPhase section */

/* Begin PBXGroup section */
		77C5CBFB2699F5C10086A81D = {
			isa = PBXGroup;
			children = (
				77C5CC062699F5C10086A81D /* DependencyInjection */,
				77C5CC182699F5C20086A81D /* DependencyInjectionTests */,
				77C5CC232699F5C20086A81D /* DependencyInjectionUITests */,
				77C5CC052699F5C10086A81D /* Products */,
			);
			sourceTree = "<group>";
		};
		77C5CC052699F5C10086A81D /* Products */ = {
			isa = PBXGroup;
			children = (
				77C5CC042699F5C10086A81D /* DependencyInjection.app */,
				77C5CC152699F5C20086A81D /* DependencyInjectionTests.xctest */,
				77C5CC202699F5C20086A81D /* DependencyInjectionUITests.xctest */,
			);
			name = Products;
			sourceTree = "<group>";
		};
		77C5CC062699F5C10086A81D /* DependencyInjection */ = {
			isa = PBXGroup;
			children = (
				77C5CC072699F5C10086A81D /* DependencyInjectionApp.swift */,
				77C5CC092699F5C10086A81D /* ContentView.swift */,
				77C5CC0B2699F5C20086A81D /* Assets.xcassets */,
				77C5CC102699F5C20086A81D /* Info.plist */,
				77C5CC0D2699F5C20086A81D /* Preview Content */,
				77C5CC322699F6590086A81D /* Vehicle.swift */,
				77C5CC342699F7100086A81D /* Engines.swift */,
			);
			path = DependencyInjection;
			sourceTree = "<group>";
		};
		77C5CC0D2699F5C20086A81D /* Preview Content */ = {
			isa = PBXGroup;
			children = (
				77C5CC0E2699F5C20086A81D /* Preview Assets.xcassets */,
			);
			path = "Preview Content";
			sourceTree = "<group>";
		};
		77C5CC182699F5C20086A81D /* DependencyInjectionTests */ = {
			isa = PBXGroup;
			children = (
				77C5CC192699F5C20086A81D /* DependencyInjectionTests.swift */,
				77C5CC1B2699F5C20086A81D /* Info.plist */,
			);
			path = DependencyInjectionTests;
			sourceTree = "<group>";
		};
		77C5CC232699F5C20086A81D /* DependencyInjectionUITests */ = {
			isa = PBXGroup;
			children = (
				77C5CC242699F5C20086A81D /* DependencyInjectionUITests.swift */,
				77C5CC262699F5C20086A81D /* Info.plist */,
			);
			path = DependencyInjectionUITests;
			sourceTree = "<group>";
		};
/* End PBXGroup section */

/* Begin PBXNativeTarget section */
		77C5CC032699F5C10086A81D /* DependencyInjection */ = {
			isa = PBXNativeTarget;
			buildConfigurationList = 77C5CC292699F5C20086A81D /* Build configuration list for PBXNativeTarget "DependencyInjection" */;
			buildPhases = (
				77C5CC002699F5C10086A81D /* Sources */,
				77C5CC012699F5C10086A81D /* Frameworks */,
				77C5CC022699F5C10086A81D /* Resources */,
			);
			buildRules = (
			);
			dependencies = (
			);
			name = DependencyInjection;
			productName = DependencyInjection;
			productReference = 77C5CC042699F5C10086A81D /* DependencyInjection.app */;
			productType = "com.apple.product-type.application";
		};
		77C5CC142699F5C20086A81D /* DependencyInjectionTests */ = {
			isa = PBXNativeTarget;
			buildConfigurationList = 77C5CC2C2699F5C20086A81D /* Build configuration list for PBXNativeTarget "DependencyInjectionTests" */;
			buildPhases = (
				77C5CC112699F5C20086A81D /* Sources */,
				77C5CC122699F5C20086A81D /* Frameworks */,
				77C5CC132699F5C20086A81D /* Resources */,
			);
			buildRules = (
			);
			dependencies = (
				77C5CC172699F5C20086A81D /* PBXTargetDependency */,
			);
			name = DependencyInjectionTests;
			productName = DependencyInjectionTests;
			productReference = 77C5CC152699F5C20086A81D /* DependencyInjectionTests.xctest */;
			productType = "com.apple.product-type.bundle.unit-test";
		};
		77C5CC1F2699F5C20086A81D /* DependencyInjectionUITests */ = {
			isa = PBXNativeTarget;
			buildConfigurationList = 77C5CC2F2699F5C20086A81D /* Build configuration list for PBXNativeTarget "DependencyInjectionUITests" */;
			buildPhases = (
				77C5CC1C2699F5C20086A81D /* Sources */,
				77C5CC1D2699F5C20086A81D /* Frameworks */,
				77C5CC1E2699F5C20086A81D /* Resources */,
			);
			buildRules = (
			);
			dependencies = (
				77C5CC222699F5C20086A81D /* PBXTargetDependency */,
			);
			name = DependencyInjectionUITests;
			productName = DependencyInjectionUITests;
			productReference = 77C5CC202699F5C20086A81D /* DependencyInjectionUITests.xctest */;
			productType = "com.apple.product-type.bundle.ui-testing";
		};
/* End PBXNativeTarget section */

/* Begin PBXProject section */
		77C5CBFC2699F5C10086A81D /* Project object */ = {
			isa = PBXProject;
			attributes = {
				LastSwiftUpdateCheck = 1250;
				LastUpgradeCheck = 1250;
				TargetAttributes = {
					77C5CC032699F5C10086A81D = {
						CreatedOnToolsVersion = 12.5.1;
					};
					77C5CC142699F5C20086A81D = {
						CreatedOnToolsVersion = 12.5.1;
						TestTargetID = 77C5CC032699F5C10086A81D;
					};
					77C5CC1F2699F5C20086A81D = {
						CreatedOnToolsVersion = 12.5.1;
						TestTargetID = 77C5CC032699F5C10086A81D;
					};
				};
			};
			buildConfigurationList = 77C5CBFF2699F5C10086A81D /* Build configuration list for PBXProject "DependencyInjection" */;
			compatibilityVersion = "Xcode 9.3";
			developmentRegion = en;
			hasScannedForEncodings = 0;
			knownRegions = (
				en,
				Base,
			);
			mainGroup = 77C5CBFB2699F5C10086A81D;
			productRefGroup = 77C5CC052699F5C10086A81D /* Products */;
			projectDirPath = "";
			projectRoot = "";
			targets = (
				77C5CC032699F5C10086A81D /* DependencyInjection */,
				77C5CC142699F5C20086A81D /* DependencyInjectionTests */,
				77C5CC1F2699F5C20086A81D /* DependencyInjectionUITests */,
			);
		};
/* End PBXProject section */

/* Begin PBXResourcesBuildPhase section */
		77C5CC022699F5C10086A81D /* Resources */ = {
			isa = PBXResourcesBuildPhase;
			buildActionMask = 2147483647;
			files = (
				77C5CC0F2699F5C20086A81D /* Preview Assets.xcassets in Resources */,
				77C5CC0C2699F5C20086A81D /* Assets.xcassets in Resources */,
			);
			runOnlyForDeploymentPostprocessing = 0;
		};
		77C5CC132699F5C20086A81D /* Resources */ = {
			isa = PBXResourcesBuildPhase;
			buildActionMask = 2147483647;
			files = (
			);
			runOnlyForDeploymentPostprocessing = 0;
		};
		77C5CC1E2699F5C20086A81D /* Resources */ = {
			isa = PBXResourcesBuildPhase;
			buildActionMask = 2147483647;
			files = (
			);
			runOnlyForDeploymentPostprocessing = 0;
		};
/* End PBXResourcesBuildPhase section */

/* Begin PBXSourcesBuildPhase section */
		77C5CC002699F5C10086A81D /* Sources */ = {
			isa = PBXSourcesBuildPhase;
			buildActionMask = 2147483647;
			files = (
				77C5CC332699F6590086A81D /* Vehicle.swift in Sources */,
				77C5CC352699F7100086A81D /* Engines.swift in Sources */,
				77C5CC0A2699F5C10086A81D /* ContentView.swift in Sources */,
				77C5CC082699F5C10086A81D /* DependencyInjectionApp.swift in Sources */,
			);
			runOnlyForDeploymentPostprocessing = 0;
		};
		77C5CC112699F5C20086A81D /* Sources */ = {
			isa = PBXSourcesBuildPhase;
			buildActionMask = 2147483647;
			files = (
				77C5CC1A2699F5C20086A81D /* DependencyInjectionTests.swift in Sources */,
			);
			runOnlyForDeploymentPostprocessing = 0;
		};
		77C5CC1C2699F5C20086A81D /* Sources */ = {
			isa = PBXSourcesBuildPhase;
			buildActionMask = 2147483647;
			files = (
				77C5CC252699F5C20086A81D /* DependencyInjectionUITests.swift in Sources */,
			);
			runOnlyForDeploymentPostprocessing = 0;
		};
/* End PBXSourcesBuildPhase section */

/* Begin PBXTargetDependency section */
		77C5CC172699F5C20086A81D /* PBXTargetDependency */ = {
			isa = PBXTargetDependency;
			target = 77C5CC032699F5C10086A81D /* DependencyInjection */;
			targetProxy = 77C5CC162699F5C20086A81D /* PBXContainerItemProxy */;
		};
		77C5CC222699F5C20086A81D /* PBXTargetDependency */ = {
			isa = PBXTargetDependency;
			target = 77C5CC032699F5C10086A81D /* DependencyInjection */;
			targetProxy = 77C5CC212699F5C20086A81D /* PBXContainerItemProxy */;
		};
/* End PBXTargetDependency section */

/* Begin XCBuildConfiguration section */
		77C5CC272699F5C20086A81D /* Debug */ = {
			isa = XCBuildConfiguration;
			buildSettings = {
				ALWAYS_SEARCH_USER_PATHS = NO;
				CLANG_ANALYZER_NONNULL = YES;
				CLANG_ANALYZER_NUMBER_OBJECT_CONVERSION = YES_AGGRESSIVE;
				CLANG_CXX_LANGUAGE_STANDARD = "gnu++14";
				CLANG_CXX_LIBRARY = "libc++";
				CLANG_ENABLE_MODULES = YES;
				CLANG_ENABLE_OBJC_ARC = YES;
				CLANG_ENABLE_OBJC_WEAK = YES;
				CLANG_WARN_BLOCK_CAPTURE_AUTORELEASING = YES;
				CLANG_WARN_BOOL_CONVERSION = YES;
				CLANG_WARN_COMMA = YES;
				CLANG_WARN_CONSTANT_CONVERSION = YES;
				CLANG_WARN_DEPRECATED_OBJC_IMPLEMENTATIONS = YES;
				CLANG_WARN_DIRECT_OBJC_ISA_USAGE = YES_ERROR;
				CLANG_WARN_DOCUMENTATION_COMMENTS = YES;
				CLANG_WARN_EMPTY_BODY = YES;
				CLANG_WARN_ENUM_CONVERSION = YES;
				CLANG_WARN_INFINITE_RECURSION = YES;
				CLANG_WARN_INT_CONVERSION = YES;
				CLANG_WARN_NON_LITERAL_NULL_CONVERSION = YES;
				CLANG_WARN_OBJC_IMPLICIT_RETAIN_SELF = YES;
				CLANG_WARN_OBJC_LITERAL_CONVERSION = YES;
				CLANG_WARN_OBJC_ROOT_CLASS = YES_ERROR;
				CLANG_WARN_QUOTED_INCLUDE_IN_FRAMEWORK_HEADER = YES;
				CLANG_WARN_RANGE_LOOP_ANALYSIS = YES;
				CLANG_WARN_STRICT_PROTOTYPES = YES;
				CLANG_WARN_SUSPICIOUS_MOVE = YES;
				CLANG_WARN_UNGUARDED_AVAILABILITY = YES_AGGRESSIVE;
				CLANG_WARN_UNREACHABLE_CODE = YES;
				CLANG_WARN__DUPLICATE_METHOD_MATCH = YES;
				COPY_PHASE_STRIP = NO;
				DEBUG_INFORMATION_FORMAT = dwarf;
				ENABLE_STRICT_OBJC_MSGSEND = YES;
				ENABLE_TESTABILITY = YES;
				GCC_C_LANGUAGE_STANDARD = gnu11;
				GCC_DYNAMIC_NO_PIC = NO;
				GCC_NO_COMMON_BLOCKS = YES;
				GCC_OPTIMIZATION_LEVEL = 0;
				GCC_PREPROCESSOR_DEFINITIONS = (
					"DEBUG=1",
					"$(inherited)",
				);
				GCC_WARN_64_TO_32_BIT_CONVERSION = YES;
				GCC_WARN_ABOUT_RETURN_TYPE = YES_ERROR;
				GCC_WARN_UNDECLARED_SELECTOR = YES;
				GCC_WARN_UNINITIALIZED_AUTOS = YES_AGGRESSIVE;
				GCC_WARN_UNUSED_FUNCTION = YES;
				GCC_WARN_UNUSED_VARIABLE = YES;
				IPHONEOS_DEPLOYMENT_TARGET = 14.5;
				MTL_ENABLE_DEBUG_INFO = INCLUDE_SOURCE;
				MTL_FAST_MATH = YES;
				ONLY_ACTIVE_ARCH = YES;
				SDKROOT = iphoneos;
				SWIFT_ACTIVE_COMPILATION_CONDITIONS = DEBUG;
				SWIFT_OPTIMIZATION_LEVEL = "-Onone";
			};
			name = Debug;
		};
		77C5CC282699F5C20086A81D /* Release */ = {
			isa = XCBuildConfiguration;
			buildSettings = {
				ALWAYS_SEARCH_USER_PATHS = NO;
				CLANG_ANALYZER_NONNULL = YES;
				CLANG_ANALYZER_NUMBER_OBJECT_CONVERSION = YES_AGGRESSIVE;
				CLANG_CXX_LANGUAGE_STANDARD = "gnu++14";
				CLANG_CXX_LIBRARY = "libc++";
				CLANG_ENABLE_MODULES = YES;
				CLANG_ENABLE_OBJC_ARC = YES;
				CLANG_ENABLE_OBJC_WEAK = YES;
				CLANG_WARN_BLOCK_CAPTURE_AUTORELEASING = YES;
				CLANG_WARN_BOOL_CONVERSION = YES;
				CLANG_WARN_COMMA = YES;
				CLANG_WARN_CONSTANT_CONVERSION = YES;
				CLANG_WARN_DEPRECATED_OBJC_IMPLEMENTATIONS = YES;
				CLANG_WARN_DIRECT_OBJC_ISA_USAGE = YES_ERROR;
				CLANG_WARN_DOCUMENTATION_COMMENTS = YES;
				CLANG_WARN_EMPTY_BODY = YES;
				CLANG_WARN_ENUM_CONVERSION = YES;
				CLANG_WARN_INFINITE_RECURSION = YES;
				CLANG_WARN_INT_CONVERSION = YES;
				CLANG_WARN_NON_LITERAL_NULL_CONVERSION = YES;
				CLANG_WARN_OBJC_IMPLICIT_RETAIN_SELF = YES;
				CLANG_WARN_OBJC_LITERAL_CONVERSION = YES;
				CLANG_WARN_OBJC_ROOT_CLASS = YES_ERROR;
				CLANG_WARN_QUOTED_INCLUDE_IN_FRAMEWORK_HEADER = YES;
				CLANG_WARN_RANGE_LOOP_ANALYSIS = YES;
				CLANG_WARN_STRICT_PROTOTYPES = YES;
				CLANG_WARN_SUSPICIOUS_MOVE = YES;
				CLANG_WARN_UNGUARDED_AVAILABILITY = YES_AGGRESSIVE;
				CLANG_WARN_UNREACHABLE_CODE = YES;
				CLANG_WARN__DUPLICATE_METHOD_MATCH = YES;
				COPY_PHASE_STRIP = NO;
				DEBUG_INFORMATION_FORMAT = "dwarf-with-dsym";
				ENABLE_NS_ASSERTIONS = NO;
				ENABLE_STRICT_OBJC_MSGSEND = YES;
				GCC_C_LANGUAGE_STANDARD = gnu11;
				GCC_NO_COMMON_BLOCKS = YES;
				GCC_WARN_64_TO_32_BIT_CONVERSION = YES;
				GCC_WARN_ABOUT_RETURN_TYPE = YES_ERROR;
				GCC_WARN_UNDECLARED_SELECTOR = YES;
				GCC_WARN_UNINITIALIZED_AUTOS = YES_AGGRESSIVE;
				GCC_WARN_UNUSED_FUNCTION = YES;
				GCC_WARN_UNUSED_VARIABLE = YES;
				IPHONEOS_DEPLOYMENT_TARGET = 14.5;
				MTL_ENABLE_DEBUG_INFO = NO;
				MTL_FAST_MATH = YES;
				SDKROOT = iphoneos;
				SWIFT_COMPILATION_MODE = wholemodule;
				SWIFT_OPTIMIZATION_LEVEL = "-O";
				VALIDATE_PRODUCT = YES;
			};
			name = Release;
		};
		77C5CC2A2699F5C20086A81D /* Debug */ = {
			isa = XCBuildConfiguration;
			buildSettings = {
				ASSETCATALOG_COMPILER_APPICON_NAME = AppIcon;
				ASSETCATALOG_COMPILER_GLOBAL_ACCENT_COLOR_NAME = AccentColor;
				CODE_SIGN_STYLE = Automatic;
				DEVELOPMENT_ASSET_PATHS = "\"DependencyInjection/Preview Content\"";
				DEVELOPMENT_TEAM = Z974UA66Y9;
				ENABLE_PREVIEWS = YES;
				INFOPLIST_FILE = DependencyInjection/Info.plist;
				IPHONEOS_DEPLOYMENT_TARGET = 14.0;
				LD_RUNPATH_SEARCH_PATHS = (
					"$(inherited)",
					"@executable_path/Frameworks",
				);
				PRODUCT_BUNDLE_IDENTIFIER = com.tentmaking.DependencyInjection;
				PRODUCT_NAME = "$(TARGET_NAME)";
				SWIFT_VERSION = 5.0;
				TARGETED_DEVICE_FAMILY = "1,2";
			};
			name = Debug;
		};
		77C5CC2B2699F5C20086A81D /* Release */ = {
			isa = XCBuildConfiguration;
			buildSettings = {
				ASSETCATALOG_COMPILER_APPICON_NAME = AppIcon;
				ASSETCATALOG_COMPILER_GLOBAL_ACCENT_COLOR_NAME = AccentColor;
				CODE_SIGN_STYLE = Automatic;
				DEVELOPMENT_ASSET_PATHS = "\"DependencyInjection/Preview Content\"";
				DEVELOPMENT_TEAM = Z974UA66Y9;
				ENABLE_PREVIEWS = YES;
				INFOPLIST_FILE = DependencyInjection/Info.plist;
				IPHONEOS_DEPLOYMENT_TARGET = 14.0;
				LD_RUNPATH_SEARCH_PATHS = (
					"$(inherited)",
					"@executable_path/Frameworks",
				);
				PRODUCT_BUNDLE_IDENTIFIER = com.tentmaking.DependencyInjection;
				PRODUCT_NAME = "$(TARGET_NAME)";
				SWIFT_VERSION = 5.0;
				TARGETED_DEVICE_FAMILY = "1,2";
			};
			name = Release;
		};
		77C5CC2D2699F5C20086A81D /* Debug */ = {
			isa = XCBuildConfiguration;
			buildSettings = {
				ALWAYS_EMBED_SWIFT_STANDARD_LIBRARIES = YES;
				BUNDLE_LOADER = "$(TEST_HOST)";
				CODE_SIGN_STYLE = Automatic;
				DEVELOPMENT_TEAM = Z974UA66Y9;
				INFOPLIST_FILE = DependencyInjectionTests/Info.plist;
				IPHONEOS_DEPLOYMENT_TARGET = 14.0;
				LD_RUNPATH_SEARCH_PATHS = (
					"$(inherited)",
					"@executable_path/Frameworks",
					"@loader_path/Frameworks",
				);
				PRODUCT_BUNDLE_IDENTIFIER = com.tentmaking.DependencyInjectionTests;
				PRODUCT_NAME = "$(TARGET_NAME)";
				SWIFT_VERSION = 5.0;
				TARGETED_DEVICE_FAMILY = "1,2";
				TEST_HOST = "$(BUILT_PRODUCTS_DIR)/DependencyInjection.app/DependencyInjection";
			};
			name = Debug;
		};
		77C5CC2E2699F5C20086A81D /* Release */ = {
			isa = XCBuildConfiguration;
			buildSettings = {
				ALWAYS_EMBED_SWIFT_STANDARD_LIBRARIES = YES;
				BUNDLE_LOADER = "$(TEST_HOST)";
				CODE_SIGN_STYLE = Automatic;
				DEVELOPMENT_TEAM = Z974UA66Y9;
				INFOPLIST_FILE = DependencyInjectionTests/Info.plist;
				IPHONEOS_DEPLOYMENT_TARGET = 14.0;
				LD_RUNPATH_SEARCH_PATHS = (
					"$(inherited)",
					"@executable_path/Frameworks",
					"@loader_path/Frameworks",
				);
				PRODUCT_BUNDLE_IDENTIFIER = com.tentmaking.DependencyInjectionTests;
				PRODUCT_NAME = "$(TARGET_NAME)";
				SWIFT_VERSION = 5.0;
				TARGETED_DEVICE_FAMILY = "1,2";
				TEST_HOST = "$(BUILT_PRODUCTS_DIR)/DependencyInjection.app/DependencyInjection";
			};
			name = Release;
		};
		77C5CC302699F5C20086A81D /* Debug */ = {
			isa = XCBuildConfiguration;
			buildSettings = {
				ALWAYS_EMBED_SWIFT_STANDARD_LIBRARIES = YES;
				CODE_SIGN_STYLE = Automatic;
				DEVELOPMENT_TEAM = Z974UA66Y9;
				INFOPLIST_FILE = DependencyInjectionUITests/Info.plist;
				LD_RUNPATH_SEARCH_PATHS = (
					"$(inherited)",
					"@executable_path/Frameworks",
					"@loader_path/Frameworks",
				);
				PRODUCT_BUNDLE_IDENTIFIER = com.tentmaking.DependencyInjectionUITests;
				PRODUCT_NAME = "$(TARGET_NAME)";
				SWIFT_VERSION = 5.0;
				TARGETED_DEVICE_FAMILY = "1,2";
				TEST_TARGET_NAME = DependencyInjection;
			};
			name = Debug;
		};
		77C5CC312699F5C20086A81D /* Release */ = {
			isa = XCBuildConfiguration;
			buildSettings = {
				ALWAYS_EMBED_SWIFT_STANDARD_LIBRARIES = YES;
				CODE_SIGN_STYLE = Automatic;
				DEVELOPMENT_TEAM = Z974UA66Y9;
				INFOPLIST_FILE = DependencyInjectionUITests/Info.plist;
				LD_RUNPATH_SEARCH_PATHS = (
					"$(inherited)",
					"@executable_path/Frameworks",
					"@loader_path/Frameworks",
				);
				PRODUCT_BUNDLE_IDENTIFIER = com.tentmaking.DependencyInjectionUITests;
				PRODUCT_NAME = "$(TARGET_NAME)";
				SWIFT_VERSION = 5.0;
				TARGETED_DEVICE_FAMILY = "1,2";
				TEST_TARGET_NAME = DependencyInjection;
			};
			name = Release;
		};
/* End XCBuildConfiguration section */

/* Begin XCConfigurationList section */
		77C5CBFF2699F5C10086A81D /* Build configuration list for PBXProject "DependencyInjection" */ = {
			isa = XCConfigurationList;
			buildConfigurations = (
				77C5CC272699F5C20086A81D /* Debug */,
				77C5CC282699F5C20086A81D /* Release */,
			);
			defaultConfigurationIsVisible = 0;
			defaultConfigurationName = Release;
		};
		77C5CC292699F5C20086A81D /* Build configuration list for PBXNativeTarget "DependencyInjection" */ = {
			isa = XCConfigurationList;
			buildConfigurations = (
				77C5CC2A2699F5C20086A81D /* Debug */,
				77C5CC2B2699F5C20086A81D /* Release */,
			);
			defaultConfigurationIsVisible = 0;
			defaultConfigurationName = Release;
		};
		77C5CC2C2699F5C20086A81D /* Build configuration list for PBXNativeTarget "DependencyInjectionTests" */ = {
			isa = XCConfigurationList;
			buildConfigurations = (
				77C5CC2D2699F5C20086A81D /* Debug */,
				77C5CC2E2699F5C20086A81D /* Release */,
			);
			defaultConfigurationIsVisible = 0;
			defaultConfigurationName = Release;
		};
		77C5CC2F2699F5C20086A81D /* Build configuration list for PBXNativeTarget "DependencyInjectionUITests" */ = {
			isa = XCConfigurationList;
			buildConfigurations = (
				77C5CC302699F5C20086A81D /* Debug */,
				77C5CC312699F5C20086A81D /* Release */,
			);
			defaultConfigurationIsVisible = 0;
			defaultConfigurationName = Release;
		};
/* End XCConfigurationList section */
	};
	rootObject = 77C5CBFC2699F5C10086A81D /* Project object */;
}
